{
  "version": 4,
  "terraform_version": "1.11.3",
  "serial": 51,
  "lineage": "82720936-1e12-e0ec-1fa9-26bfda112cc0",
  "outputs": {},
  "resources": [
    {
      "module": "module.key_vault",
      "mode": "data",
      "type": "azurerm_client_config",
      "name": "current",
      "provider": "provider[\"registry.terraform.io/hashicorp/azurerm\"]",
      "instances": [
        {
          "schema_version": 0,
          "attributes": {
            "client_id": "04b07795-8ddb-461a-bbee-02f9e1bf7b46",
            "id": "Y2xpZW50Q29uZmlncy9jbGllbnRJZD0wNGIwNzc5NS04ZGRiLTQ2MWEtYmJlZS0wMmY5ZTFiZjdiNDY7b2JqZWN0SWQ9Njk0OTdiYmEtN2FmOS00NTNkLWE5MzAtOTFkMGUwYjY1YmYxO3N1YnNjcmlwdGlvbklkPTk4N2U1OTE0LTYyOGUtNGU5YS04YzhmLWQ3ZmE4NzczNTAwMjt0ZW5hbnRJZD01MmJjNTFjZi1lN2VkLTQ1MDktOWE4Ny1hMGI0ZDFjOTdmMzg=",
            "object_id": "69497bba-7af9-453d-a930-91d0e0b65bf1",
            "subscription_id": "987e5914-628e-4e9a-8c8f-d7fa87735002",
            "tenant_id": "52bc51cf-e7ed-4509-9a87-a0b4d1c97f38",
            "timeouts": null
          },
          "sensitive_attributes": []
        }
      ]
    },
    {
      "module": "module.key_vault",
      "mode": "managed",
      "type": "azurerm_key_vault",
      "name": "kv",
      "provider": "provider[\"registry.terraform.io/hashicorp/azurerm\"]",
      "instances": [
        {
          "schema_version": 2,
          "attributes": {
            "access_policy": [
              {
                "application_id": "",
                "certificate_permissions": null,
                "key_permissions": [
                  "Get"
                ],
                "object_id": "69497bba-7af9-453d-a930-91d0e0b65bf1",
                "secret_permissions": [
                  "Get",
                  "Set"
                ],
                "storage_permissions": [
                  "Get"
                ],
                "tenant_id": "52bc51cf-e7ed-4509-9a87-a0b4d1c97f38"
              }
            ],
            "contact": [],
            "enable_rbac_authorization": false,
            "enabled_for_deployment": false,
            "enabled_for_disk_encryption": true,
            "enabled_for_template_deployment": false,
            "id": "/subscriptions/987e5914-628e-4e9a-8c8f-d7fa87735002/resourceGroups/dev200rg/providers/Microsoft.KeyVault/vaults/k9312",
            "location": "ukwest",
            "name": "k9312",
            "network_acls": [
              {
                "bypass": "AzureServices",
                "default_action": "Allow",
                "ip_rules": [],
                "virtual_network_subnet_ids": []
              }
            ],
            "public_network_access_enabled": true,
            "purge_protection_enabled": false,
            "resource_group_name": "dev200rg",
            "sku_name": "standard",
            "soft_delete_retention_days": 7,
            "tags": null,
            "tenant_id": "52bc51cf-e7ed-4509-9a87-a0b4d1c97f38",
            "timeouts": null,
            "vault_uri": "https://k9312.vault.azure.net/"
          },
          "sensitive_attributes": [],
          "private": "eyJlMmJmYjczMC1lY2FhLTExZTYtOGY4OC0zNDM2M2JjN2M0YzAiOnsiY3JlYXRlIjoxODAwMDAwMDAwMDAwLCJkZWxldGUiOjE4MDAwMDAwMDAwMDAsInJlYWQiOjMwMDAwMDAwMDAwMCwidXBkYXRlIjoxODAwMDAwMDAwMDAwfSwic2NoZW1hX3ZlcnNpb24iOiIyIn0=",
          "dependencies": [
            "module.key_vault.data.azurerm_client_config.current",
            "module.resource-group.azurerm_resource_group.rg"
          ]
        }
      ]
    },
    {
      "module": "module.keyvaultsecret",
      "mode": "data",
      "type": "azurerm_key_vault",
      "name": "kv",
      "provider": "provider[\"registry.terraform.io/hashicorp/azurerm\"]",
      "instances": [
        {
          "schema_version": 0,
          "attributes": {
            "access_policy": [
              {
                "application_id": "",
                "certificate_permissions": [],
                "key_permissions": [
                  "Get"
                ],
                "object_id": "69497bba-7af9-453d-a930-91d0e0b65bf1",
                "secret_permissions": [
                  "Get",
                  "Set"
                ],
                "storage_permissions": [
                  "Get"
                ],
                "tenant_id": "52bc51cf-e7ed-4509-9a87-a0b4d1c97f38"
              }
            ],
            "enable_rbac_authorization": false,
            "enabled_for_deployment": false,
            "enabled_for_disk_encryption": true,
            "enabled_for_template_deployment": false,
            "id": "/subscriptions/987e5914-628e-4e9a-8c8f-d7fa87735002/resourceGroups/dev200rg/providers/Microsoft.KeyVault/vaults/k9312",
            "location": "ukwest",
            "name": "k9312",
            "network_acls": [],
            "public_network_access_enabled": true,
            "purge_protection_enabled": false,
            "resource_group_name": "dev200rg",
            "sku_name": "standard",
            "tags": {},
            "tenant_id": "52bc51cf-e7ed-4509-9a87-a0b4d1c97f38",
            "timeouts": null,
            "vault_uri": "https://k9312.vault.azure.net/"
          },
          "sensitive_attributes": []
        }
      ]
    },
    {
      "module": "module.keyvaultsecret",
      "mode": "managed",
      "type": "azurerm_key_vault_secret",
      "name": "password",
      "provider": "provider[\"registry.terraform.io/hashicorp/azurerm\"]",
      "instances": [
        {
          "schema_version": 0,
          "attributes": {
            "content_type": "",
            "expiration_date": null,
            "id": "https://k9312.vault.azure.net/secrets/vm-admin-password/34ca9569655244ae96b4c71b27ba9a36",
            "key_vault_id": "/subscriptions/987e5914-628e-4e9a-8c8f-d7fa87735002/resourceGroups/dev200rg/providers/Microsoft.KeyVault/vaults/k9312",
            "name": "vm-admin-password",
            "not_before_date": null,
            "resource_id": "/subscriptions/987e5914-628e-4e9a-8c8f-d7fa87735002/resourceGroups/dev200rg/providers/Microsoft.KeyVault/vaults/k9312/secrets/vm-admin-password/versions/34ca9569655244ae96b4c71b27ba9a36",
            "resource_versionless_id": "/subscriptions/987e5914-628e-4e9a-8c8f-d7fa87735002/resourceGroups/dev200rg/providers/Microsoft.KeyVault/vaults/k9312/secrets/vm-admin-password",
            "tags": null,
            "timeouts": null,
            "value": "Sol1234",
            "value_wo": null,
            "value_wo_version": 0,
            "version": "34ca9569655244ae96b4c71b27ba9a36",
            "versionless_id": "https://k9312.vault.azure.net/secrets/vm-admin-password"
          },
          "sensitive_attributes": [
            [
              {
                "type": "get_attr",
                "value": "value"
              }
            ]
          ],
          "private": "eyJlMmJmYjczMC1lY2FhLTExZTYtOGY4OC0zNDM2M2JjN2M0YzAiOnsiY3JlYXRlIjoxODAwMDAwMDAwMDAwLCJkZWxldGUiOjE4MDAwMDAwMDAwMDAsInJlYWQiOjE4MDAwMDAwMDAwMDAsInVwZGF0ZSI6MTgwMDAwMDAwMDAwMH19",
          "dependencies": [
            "module.key_vault.azurerm_key_vault.kv",
            "module.key_vault.data.azurerm_client_config.current",
            "module.keyvaultsecret.data.azurerm_key_vault.kv",
            "module.resource-group.azurerm_resource_group.rg"
          ]
        }
      ]
    },
    {
      "module": "module.keyvaultsecret",
      "mode": "managed",
      "type": "azurerm_key_vault_secret",
      "name": "username",
      "provider": "provider[\"registry.terraform.io/hashicorp/azurerm\"]",
      "instances": [
        {
          "schema_version": 0,
          "attributes": {
            "content_type": "",
            "expiration_date": null,
            "id": "https://k9312.vault.azure.net/secrets/vm-admin-username/34e092e172c8420cbca8800442a01b87",
            "key_vault_id": "/subscriptions/987e5914-628e-4e9a-8c8f-d7fa87735002/resourceGroups/dev200rg/providers/Microsoft.KeyVault/vaults/k9312",
            "name": "vm-admin-username",
            "not_before_date": null,
            "resource_id": "/subscriptions/987e5914-628e-4e9a-8c8f-d7fa87735002/resourceGroups/dev200rg/providers/Microsoft.KeyVault/vaults/k9312/secrets/vm-admin-username/versions/34e092e172c8420cbca8800442a01b87",
            "resource_versionless_id": "/subscriptions/987e5914-628e-4e9a-8c8f-d7fa87735002/resourceGroups/dev200rg/providers/Microsoft.KeyVault/vaults/k9312/secrets/vm-admin-username",
            "tags": null,
            "timeouts": null,
            "value": "Admin_username",
            "value_wo": null,
            "value_wo_version": 0,
            "version": "34e092e172c8420cbca8800442a01b87",
            "versionless_id": "https://k9312.vault.azure.net/secrets/vm-admin-username"
          },
          "sensitive_attributes": [
            [
              {
                "type": "get_attr",
                "value": "value"
              }
            ]
          ],
          "private": "eyJlMmJmYjczMC1lY2FhLTExZTYtOGY4OC0zNDM2M2JjN2M0YzAiOnsiY3JlYXRlIjoxODAwMDAwMDAwMDAwLCJkZWxldGUiOjE4MDAwMDAwMDAwMDAsInJlYWQiOjE4MDAwMDAwMDAwMDAsInVwZGF0ZSI6MTgwMDAwMDAwMDAwMH19",
          "dependencies": [
            "module.key_vault.azurerm_key_vault.kv",
            "module.key_vault.data.azurerm_client_config.current",
            "module.keyvaultsecret.data.azurerm_key_vault.kv",
            "module.resource-group.azurerm_resource_group.rg"
          ]
        }
      ]
    },
    {
      "module": "module.public-ip",
      "mode": "managed",
      "type": "azurerm_public_ip",
      "name": "pip",
      "provider": "provider[\"registry.terraform.io/hashicorp/azurerm\"]",
      "instances": [
        {
          "schema_version": 0,
          "attributes": {
            "allocation_method": "Static",
            "ddos_protection_mode": "VirtualNetworkInherited",
            "ddos_protection_plan_id": null,
            "domain_name_label": null,
            "domain_name_label_scope": null,
            "edge_zone": "",
            "fqdn": null,
            "id": "/subscriptions/987e5914-628e-4e9a-8c8f-d7fa87735002/resourceGroups/dev200rg/providers/Microsoft.Network/publicIPAddresses/dev200pip",
            "idle_timeout_in_minutes": 4,
            "ip_address": "20.162.73.197",
            "ip_tags": null,
            "ip_version": "IPv4",
            "location": "ukwest",
            "name": "dev200pip",
            "public_ip_prefix_id": null,
            "resource_group_name": "dev200rg",
            "reverse_fqdn": null,
            "sku": "Standard",
            "sku_tier": "Regional",
            "tags": null,
            "timeouts": null,
            "zones": null
          },
          "sensitive_attributes": [],
          "private": "eyJlMmJmYjczMC1lY2FhLTExZTYtOGY4OC0zNDM2M2JjN2M0YzAiOnsiY3JlYXRlIjoxODAwMDAwMDAwMDAwLCJkZWxldGUiOjE4MDAwMDAwMDAwMDAsInJlYWQiOjMwMDAwMDAwMDAwMCwidXBkYXRlIjoxODAwMDAwMDAwMDAwfX0=",
          "dependencies": [
            "module.resource-group.azurerm_resource_group.rg"
          ]
        }
      ]
    },
    {
      "module": "module.resource-group",
      "mode": "managed",
      "type": "azurerm_resource_group",
      "name": "rg",
      "provider": "provider[\"registry.terraform.io/hashicorp/azurerm\"]",
      "instances": [
        {
          "schema_version": 0,
          "attributes": {
            "id": "/subscriptions/987e5914-628e-4e9a-8c8f-d7fa87735002/resourceGroups/dev200rg",
            "location": "ukwest",
            "managed_by": "",
            "name": "dev200rg",
            "tags": null,
            "timeouts": null
          },
          "sensitive_attributes": [],
          "private": "eyJlMmJmYjczMC1lY2FhLTExZTYtOGY4OC0zNDM2M2JjN2M0YzAiOnsiY3JlYXRlIjo1NDAwMDAwMDAwMDAwLCJkZWxldGUiOjU0MDAwMDAwMDAwMDAsInJlYWQiOjMwMDAwMDAwMDAwMCwidXBkYXRlIjo1NDAwMDAwMDAwMDAwfX0="
        }
      ]
    },
    {
      "module": "module.subnet",
      "mode": "managed",
      "type": "azurerm_subnet",
      "name": "subnet",
      "provider": "provider[\"registry.terraform.io/hashicorp/azurerm\"]",
      "instances": [
        {
          "schema_version": 0,
          "attributes": {
            "address_prefixes": [
              "10.0.2.0/24"
            ],
            "default_outbound_access_enabled": true,
            "delegation": [],
            "id": "/subscriptions/987e5914-628e-4e9a-8c8f-d7fa87735002/resourceGroups/dev200rg/providers/Microsoft.Network/virtualNetworks/dev200vnet/subnets/dev200subnet",
            "ip_address_pool": [],
            "name": "dev200subnet",
            "private_endpoint_network_policies": "Disabled",
            "private_link_service_network_policies_enabled": true,
            "resource_group_name": "dev200rg",
            "service_endpoint_policy_ids": null,
            "service_endpoints": null,
            "timeouts": null,
            "virtual_network_name": "dev200vnet"
          },
          "sensitive_attributes": [],
          "private": "eyJlMmJmYjczMC1lY2FhLTExZTYtOGY4OC0zNDM2M2JjN2M0YzAiOnsiY3JlYXRlIjoxODAwMDAwMDAwMDAwLCJkZWxldGUiOjE4MDAwMDAwMDAwMDAsInJlYWQiOjMwMDAwMDAwMDAwMCwidXBkYXRlIjoxODAwMDAwMDAwMDAwfX0=",
          "dependencies": [
            "module.resource-group.azurerm_resource_group.rg",
            "module.virtual-network.azurerm_virtual_network.vnet"
          ]
        }
      ]
    },
    {
      "module": "module.virtual-machine",
      "mode": "data",
      "type": "azurerm_key_vault",
      "name": "kv",
      "provider": "provider[\"registry.terraform.io/hashicorp/azurerm\"]",
      "instances": [
        {
          "schema_version": 0,
          "attributes": {
            "access_policy": [
              {
                "application_id": "",
                "certificate_permissions": [],
                "key_permissions": [
                  "Get"
                ],
                "object_id": "69497bba-7af9-453d-a930-91d0e0b65bf1",
                "secret_permissions": [
                  "Get",
                  "Set"
                ],
                "storage_permissions": [
                  "Get"
                ],
                "tenant_id": "52bc51cf-e7ed-4509-9a87-a0b4d1c97f38"
              }
            ],
            "enable_rbac_authorization": false,
            "enabled_for_deployment": false,
            "enabled_for_disk_encryption": true,
            "enabled_for_template_deployment": false,
            "id": "/subscriptions/987e5914-628e-4e9a-8c8f-d7fa87735002/resourceGroups/dev200rg/providers/Microsoft.KeyVault/vaults/k9312",
            "location": "ukwest",
            "name": "k9312",
            "network_acls": [],
            "public_network_access_enabled": true,
            "purge_protection_enabled": false,
            "resource_group_name": "dev200rg",
            "sku_name": "standard",
            "tags": {},
            "tenant_id": "52bc51cf-e7ed-4509-9a87-a0b4d1c97f38",
            "timeouts": null,
            "vault_uri": "https://k9312.vault.azure.net/"
          },
          "sensitive_attributes": []
        }
      ]
    },
    {
      "module": "module.virtual-machine",
      "mode": "data",
      "type": "azurerm_key_vault_secret",
      "name": "vm_password",
      "provider": "provider[\"registry.terraform.io/hashicorp/azurerm\"]",
      "instances": [
        {
          "schema_version": 0,
          "attributes": {
            "content_type": "",
            "expiration_date": null,
            "id": "https://k9312.vault.azure.net/secrets/vm-admin-password/34ca9569655244ae96b4c71b27ba9a36",
            "key_vault_id": "/subscriptions/987e5914-628e-4e9a-8c8f-d7fa87735002/resourceGroups/dev200rg/providers/Microsoft.KeyVault/vaults/k9312",
            "name": "vm-admin-password",
            "not_before_date": null,
            "resource_id": "/subscriptions/987e5914-628e-4e9a-8c8f-d7fa87735002/resourceGroups/dev200rg/providers/Microsoft.KeyVault/vaults/k9312/secrets/vm-admin-password/versions/34ca9569655244ae96b4c71b27ba9a36",
            "resource_versionless_id": "/subscriptions/987e5914-628e-4e9a-8c8f-d7fa87735002/resourceGroups/dev200rg/providers/Microsoft.KeyVault/vaults/k9312/secrets/vm-admin-password",
            "tags": {},
            "timeouts": null,
            "value": "Sol1234",
            "version": "34ca9569655244ae96b4c71b27ba9a36",
            "versionless_id": "https://k9312.vault.azure.net/secrets/vm-admin-password"
          },
          "sensitive_attributes": [
            [
              {
                "type": "get_attr",
                "value": "value"
              }
            ]
          ]
        }
      ]
    },
    {
      "module": "module.virtual-machine",
      "mode": "data",
      "type": "azurerm_key_vault_secret",
      "name": "vm_username",
      "provider": "provider[\"registry.terraform.io/hashicorp/azurerm\"]",
      "instances": [
        {
          "schema_version": 0,
          "attributes": {
            "content_type": "",
            "expiration_date": null,
            "id": "https://k9312.vault.azure.net/secrets/vm-admin-username/34e092e172c8420cbca8800442a01b87",
            "key_vault_id": "/subscriptions/987e5914-628e-4e9a-8c8f-d7fa87735002/resourceGroups/dev200rg/providers/Microsoft.KeyVault/vaults/k9312",
            "name": "vm-admin-username",
            "not_before_date": null,
            "resource_id": "/subscriptions/987e5914-628e-4e9a-8c8f-d7fa87735002/resourceGroups/dev200rg/providers/Microsoft.KeyVault/vaults/k9312/secrets/vm-admin-username/versions/34e092e172c8420cbca8800442a01b87",
            "resource_versionless_id": "/subscriptions/987e5914-628e-4e9a-8c8f-d7fa87735002/resourceGroups/dev200rg/providers/Microsoft.KeyVault/vaults/k9312/secrets/vm-admin-username",
            "tags": {},
            "timeouts": null,
            "value": "Admin_username",
            "version": "34e092e172c8420cbca8800442a01b87",
            "versionless_id": "https://k9312.vault.azure.net/secrets/vm-admin-username"
          },
          "sensitive_attributes": [
            [
              {
                "type": "get_attr",
                "value": "value"
              }
            ]
          ]
        }
      ]
    },
    {
      "module": "module.virtual-machine",
      "mode": "data",
      "type": "azurerm_public_ip",
      "name": "pip",
      "provider": "provider[\"registry.terraform.io/hashicorp/azurerm\"]",
      "instances": [
        {
          "schema_version": 0,
          "attributes": {
            "allocation_method": "Static",
            "ddos_protection_mode": "VirtualNetworkInherited",
            "ddos_protection_plan_id": null,
            "domain_name_label": "",
            "fqdn": "",
            "id": "/subscriptions/987e5914-628e-4e9a-8c8f-d7fa87735002/resourceGroups/dev200rg/providers/Microsoft.Network/publicIPAddresses/dev200pip",
            "idle_timeout_in_minutes": 4,
            "ip_address": "20.162.73.197",
            "ip_tags": {},
            "ip_version": "IPv4",
            "location": "ukwest",
            "name": "dev200pip",
            "resource_group_name": "dev200rg",
            "reverse_fqdn": "",
            "sku": "Standard",
            "tags": {},
            "timeouts": null,
            "zones": []
          },
          "sensitive_attributes": []
        }
      ]
    },
    {
      "module": "module.virtual-machine",
      "mode": "data",
      "type": "azurerm_subnet",
      "name": "subnet",
      "provider": "provider[\"registry.terraform.io/hashicorp/azurerm\"]",
      "instances": [
        {
          "schema_version": 0,
          "attributes": {
            "address_prefix": "10.0.2.0/24",
            "address_prefixes": [
              "10.0.2.0/24"
            ],
            "default_outbound_access_enabled": true,
            "id": "/subscriptions/987e5914-628e-4e9a-8c8f-d7fa87735002/resourceGroups/dev200rg/providers/Microsoft.Network/virtualNetworks/dev200vnet/subnets/dev200subnet",
            "name": "dev200subnet",
            "network_security_group_id": "",
            "private_endpoint_network_policies": "Disabled",
            "private_link_service_network_policies_enabled": true,
            "resource_group_name": "dev200rg",
            "route_table_id": "",
            "service_endpoints": [],
            "timeouts": null,
            "virtual_network_name": "dev200vnet"
          },
          "sensitive_attributes": []
        }
      ]
    },
    {
      "module": "module.virtual-machine",
      "mode": "managed",
      "type": "azurerm_network_interface",
      "name": "nic",
      "provider": "provider[\"registry.terraform.io/hashicorp/azurerm\"]",
      "instances": [
        {
          "schema_version": 0,
          "attributes": {
            "accelerated_networking_enabled": false,
            "applied_dns_servers": [],
            "auxiliary_mode": "",
            "auxiliary_sku": "",
            "dns_servers": null,
            "edge_zone": "",
            "id": "/subscriptions/987e5914-628e-4e9a-8c8f-d7fa87735002/resourceGroups/dev200rg/providers/Microsoft.Network/networkInterfaces/dev200nic",
            "internal_dns_name_label": "",
            "internal_domain_name_suffix": "nqngijgphyeudn133eg0nitzaf.cwx.internal.cloudapp.net",
            "ip_configuration": [
              {
                "gateway_load_balancer_frontend_ip_configuration_id": "",
                "name": "internal",
                "primary": true,
                "private_ip_address": "10.0.2.4",
                "private_ip_address_allocation": "Dynamic",
                "private_ip_address_version": "IPv4",
                "public_ip_address_id": "/subscriptions/987e5914-628e-4e9a-8c8f-d7fa87735002/resourceGroups/dev200rg/providers/Microsoft.Network/publicIPAddresses/dev200pip",
                "subnet_id": "/subscriptions/987e5914-628e-4e9a-8c8f-d7fa87735002/resourceGroups/dev200rg/providers/Microsoft.Network/virtualNetworks/dev200vnet/subnets/dev200subnet"
              }
            ],
            "ip_forwarding_enabled": false,
            "location": "ukwest",
            "mac_address": "",
            "name": "dev200nic",
            "private_ip_address": "10.0.2.4",
            "private_ip_addresses": [
              "10.0.2.4"
            ],
            "resource_group_name": "dev200rg",
            "tags": null,
            "timeouts": null,
            "virtual_machine_id": ""
          },
          "sensitive_attributes": [],
          "private": "eyJlMmJmYjczMC1lY2FhLTExZTYtOGY4OC0zNDM2M2JjN2M0YzAiOnsiY3JlYXRlIjoxODAwMDAwMDAwMDAwLCJkZWxldGUiOjE4MDAwMDAwMDAwMDAsInJlYWQiOjMwMDAwMDAwMDAwMCwidXBkYXRlIjoxODAwMDAwMDAwMDAwfX0=",
          "dependencies": [
            "module.key_vault.azurerm_key_vault.kv",
            "module.key_vault.data.azurerm_client_config.current",
            "module.keyvaultsecret.azurerm_key_vault_secret.password",
            "module.keyvaultsecret.azurerm_key_vault_secret.username",
            "module.keyvaultsecret.data.azurerm_key_vault.kv",
            "module.public-ip.azurerm_public_ip.pip",
            "module.resource-group.azurerm_resource_group.rg",
            "module.subnet.azurerm_subnet.subnet",
            "module.virtual-machine.data.azurerm_public_ip.pip",
            "module.virtual-machine.data.azurerm_subnet.subnet",
            "module.virtual-network.azurerm_virtual_network.vnet"
          ]
        }
      ]
    },
    {
      "module": "module.virtual-network",
      "mode": "managed",
      "type": "azurerm_virtual_network",
      "name": "vnet",
      "provider": "provider[\"registry.terraform.io/hashicorp/azurerm\"]",
      "instances": [
        {
          "schema_version": 0,
          "attributes": {
            "address_space": [
              "10.0.0.0/16"
            ],
            "bgp_community": "",
            "ddos_protection_plan": [],
            "dns_servers": [],
            "edge_zone": "",
            "encryption": [],
            "flow_timeout_in_minutes": 0,
            "guid": "24641a6c-3ecf-4109-b77d-e90da6a27905",
            "id": "/subscriptions/987e5914-628e-4e9a-8c8f-d7fa87735002/resourceGroups/dev200rg/providers/Microsoft.Network/virtualNetworks/dev200vnet",
            "ip_address_pool": [],
            "location": "ukwest",
            "name": "dev200vnet",
            "private_endpoint_vnet_policies": "Disabled",
            "resource_group_name": "dev200rg",
            "subnet": [],
            "tags": null,
            "timeouts": null
          },
          "sensitive_attributes": [],
          "private": "eyJlMmJmYjczMC1lY2FhLTExZTYtOGY4OC0zNDM2M2JjN2M0YzAiOnsiY3JlYXRlIjoxODAwMDAwMDAwMDAwLCJkZWxldGUiOjE4MDAwMDAwMDAwMDAsInJlYWQiOjMwMDAwMDAwMDAwMCwidXBkYXRlIjoxODAwMDAwMDAwMDAwfX0=",
          "dependencies": [
            "module.resource-group.azurerm_resource_group.rg"
          ]
        }
      ]
    }
  ],
  "check_results": null
}
